
Microsoft Visual Studio Solution File, Format Version 12.00
# Visual Studio 15
VisualStudioVersion = 15.0.27130.2010
MinimumVisualStudioVersion = 10.0.40219.1
Project("{2150E333-8FDC-42A3-9474-1A3956D46DE8}") = "1.Infrs", "1.Infrs", "{04558B8B-B9BC-4BED-ACE0-D177484FAEDE}"
EndProject
Project("{2150E333-8FDC-42A3-9474-1A3956D46DE8}") = "2.Data", "2.Data", "{4CAA1020-4795-4E91-B067-A70A64DB9A4A}"
EndProject
Project("{2150E333-8FDC-42A3-9474-1A3956D46DE8}") = "3.Dto", "3.Dto", "{CF075BEC-672C-4356-8BD4-153E467207E5}"
EndProject
Project("{2150E333-8FDC-42A3-9474-1A3956D46DE8}") = "4.Service", "4.Service", "{1FEAAF0B-3E50-4F9B-B877-2FE46519F9B6}"
EndProject
Project("{2150E333-8FDC-42A3-9474-1A3956D46DE8}") = "5.Apps", "5.Apps", "{2ADFEA77-7700-4F2E-A456-90F583BD8BC6}"
EndProject
Project("{2150E333-8FDC-42A3-9474-1A3956D46DE8}") = "6.Test", "6.Test", "{401E735C-0630-4368-9263-EFA8753976BA}"
EndProject
Project("{9A19103F-16F7-4668-BE54-9A1E7A4F7556}") = "Dy.Infrs", "Dy.Infrs\Dy.Infrs.csproj", "{CF097EC9-00E6-4C38-A5F4-9E569D3DA43A}"
EndProject
Project("{9A19103F-16F7-4668-BE54-9A1E7A4F7556}") = "Dy.Data", "Dy.Data\Dy.Data.csproj", "{1FD2CA85-3AC6-4A26-ABCB-98C39F4D19AC}"
EndProject
Project("{9A19103F-16F7-4668-BE54-9A1E7A4F7556}") = "Dy.Dto", "Dy.Dto\Dy.Dto.csproj", "{6814E0DB-6720-4EE8-A26D-3A6380A89516}"
EndProject
Project("{9A19103F-16F7-4668-BE54-9A1E7A4F7556}") = "Dy.IService", "Dy.IService\Dy.IService.csproj", "{E0DAC117-EC4C-4A2A-9257-5AAB4531976C}"
EndProject
Project("{9A19103F-16F7-4668-BE54-9A1E7A4F7556}") = "Dy.Data.Domain", "Dy.Data.Domain\Dy.Data.Domain.csproj", "{ACA43E6C-D3DD-4939-A95F-C98C7674ABFF}"
EndProject
Project("{9A19103F-16F7-4668-BE54-9A1E7A4F7556}") = "Dy.Data.DomainMap", "Dy.Data.DomainMap\Dy.Data.DomainMap.csproj", "{90F1D367-F223-44F9-A1B9-B9F76DFFC0FA}"
EndProject
Project("{9A19103F-16F7-4668-BE54-9A1E7A4F7556}") = "Dy.Service", "Dy.Service\Dy.Service.csproj", "{3395613C-5955-40D4-81B1-D91052C7997F}"
EndProject
Project("{FAE04EC0-301F-11D3-BF4B-00C04F79EFBC}") = "Dy.WebApi", "Dy.WebApi\Dy.WebApi.csproj", "{0963ED55-50EC-4035-97FF-4AC613786830}"
EndProject
Global
	GlobalSection(SolutionConfigurationPlatforms) = preSolution
		Debug|Any CPU = Debug|Any CPU
		Release|Any CPU = Release|Any CPU
	EndGlobalSection
	GlobalSection(ProjectConfigurationPlatforms) = postSolution
		{CF097EC9-00E6-4C38-A5F4-9E569D3DA43A}.Debug|Any CPU.ActiveCfg = Debug|Any CPU
		{CF097EC9-00E6-4C38-A5F4-9E569D3DA43A}.Debug|Any CPU.Build.0 = Debug|Any CPU
		{CF097EC9-00E6-4C38-A5F4-9E569D3DA43A}.Release|Any CPU.ActiveCfg = Release|Any CPU
		{CF097EC9-00E6-4C38-A5F4-9E569D3DA43A}.Release|Any CPU.Build.0 = Release|Any CPU
		{1FD2CA85-3AC6-4A26-ABCB-98C39F4D19AC}.Debug|Any CPU.ActiveCfg = Debug|Any CPU
		{1FD2CA85-3AC6-4A26-ABCB-98C39F4D19AC}.Debug|Any CPU.Build.0 = Debug|Any CPU
		{1FD2CA85-3AC6-4A26-ABCB-98C39F4D19AC}.Release|Any CPU.ActiveCfg = Release|Any CPU
		{1FD2CA85-3AC6-4A26-ABCB-98C39F4D19AC}.Release|Any CPU.Build.0 = Release|Any CPU
		{6814E0DB-6720-4EE8-A26D-3A6380A89516}.Debug|Any CPU.ActiveCfg = Debug|Any CPU
		{6814E0DB-6720-4EE8-A26D-3A6380A89516}.Debug|Any CPU.Build.0 = Debug|Any CPU
		{6814E0DB-6720-4EE8-A26D-3A6380A89516}.Release|Any CPU.ActiveCfg = Release|Any CPU
		{6814E0DB-6720-4EE8-A26D-3A6380A89516}.Release|Any CPU.Build.0 = Release|Any CPU
		{E0DAC117-EC4C-4A2A-9257-5AAB4531976C}.Debug|Any CPU.ActiveCfg = Debug|Any CPU
		{E0DAC117-EC4C-4A2A-9257-5AAB4531976C}.Debug|Any CPU.Build.0 = Debug|Any CPU
		{E0DAC117-EC4C-4A2A-9257-5AAB4531976C}.Release|Any CPU.ActiveCfg = Release|Any CPU
		{E0DAC117-EC4C-4A2A-9257-5AAB4531976C}.Release|Any CPU.Build.0 = Release|Any CPU
		{ACA43E6C-D3DD-4939-A95F-C98C7674ABFF}.Debug|Any CPU.ActiveCfg = Debug|Any CPU
		{ACA43E6C-D3DD-4939-A95F-C98C7674ABFF}.Debug|Any CPU.Build.0 = Debug|Any CPU
		{ACA43E6C-D3DD-4939-A95F-C98C7674ABFF}.Release|Any CPU.ActiveCfg = Release|Any CPU
		{ACA43E6C-D3DD-4939-A95F-C98C7674ABFF}.Release|Any CPU.Build.0 = Release|Any CPU
		{90F1D367-F223-44F9-A1B9-B9F76DFFC0FA}.Debug|Any CPU.ActiveCfg = Debug|Any CPU
		{90F1D367-F223-44F9-A1B9-B9F76DFFC0FA}.Debug|Any CPU.Build.0 = Debug|Any CPU
		{90F1D367-F223-44F9-A1B9-B9F76DFFC0FA}.Release|Any CPU.ActiveCfg = Release|Any CPU
		{90F1D367-F223-44F9-A1B9-B9F76DFFC0FA}.Release|Any CPU.Build.0 = Release|Any CPU
		{3395613C-5955-40D4-81B1-D91052C7997F}.Debug|Any CPU.ActiveCfg = Debug|Any CPU
		{3395613C-5955-40D4-81B1-D91052C7997F}.Debug|Any CPU.Build.0 = Debug|Any CPU
		{3395613C-5955-40D4-81B1-D91052C7997F}.Release|Any CPU.ActiveCfg = Release|Any CPU
		{3395613C-5955-40D4-81B1-D91052C7997F}.Release|Any CPU.Build.0 = Release|Any CPU
		{0963ED55-50EC-4035-97FF-4AC613786830}.Debug|Any CPU.ActiveCfg = Debug|Any CPU
		{0963ED55-50EC-4035-97FF-4AC613786830}.Debug|Any CPU.Build.0 = Debug|Any CPU
		{0963ED55-50EC-4035-97FF-4AC613786830}.Release|Any CPU.ActiveCfg = Release|Any CPU
		{0963ED55-50EC-4035-97FF-4AC613786830}.Release|Any CPU.Build.0 = Release|Any CPU
	EndGlobalSection
	GlobalSection(SolutionProperties) = preSolution
		HideSolutionNode = FALSE
	EndGlobalSection
	GlobalSection(NestedProjects) = preSolution
		{CF097EC9-00E6-4C38-A5F4-9E569D3DA43A} = {04558B8B-B9BC-4BED-ACE0-D177484FAEDE}
		{1FD2CA85-3AC6-4A26-ABCB-98C39F4D19AC} = {4CAA1020-4795-4E91-B067-A70A64DB9A4A}
		{6814E0DB-6720-4EE8-A26D-3A6380A89516} = {CF075BEC-672C-4356-8BD4-153E467207E5}
		{E0DAC117-EC4C-4A2A-9257-5AAB4531976C} = {1FEAAF0B-3E50-4F9B-B877-2FE46519F9B6}
		{ACA43E6C-D3DD-4939-A95F-C98C7674ABFF} = {4CAA1020-4795-4E91-B067-A70A64DB9A4A}
		{90F1D367-F223-44F9-A1B9-B9F76DFFC0FA} = {4CAA1020-4795-4E91-B067-A70A64DB9A4A}
		{3395613C-5955-40D4-81B1-D91052C7997F} = {1FEAAF0B-3E50-4F9B-B877-2FE46519F9B6}
		{0963ED55-50EC-4035-97FF-4AC613786830} = {2ADFEA77-7700-4F2E-A456-90F583BD8BC6}
	EndGlobalSection
	GlobalSection(ExtensibilityGlobals) = postSolution
		SolutionGuid = {90269B42-7FF6-402F-A7FD-1A9552206ABC}
	EndGlobalSection
EndGlobal
